{
    "_meta": {
        "hash": {
            "sha256": "4baccdb3f0193d082d249e3810c6b7493905565dbd3975fc768d1ec3c481664e"
        },
        "pipfile-spec": 6,
        "requires": {
            "python_version": "3.7"
        },
        "sources": [
            {
                "name": "pypi",
                "url": "https://pypi.org/simple",
                "verify_ssl": true
            }
        ]
    },
    "default": {
        "arrow": {
            "hashes": [
                "sha256:3d46d9ecd67765d1e7551e20aa54d1fe93c5fd77d3445aeec2bf8f048670d0b0"
            ],
            "version": "==0.4.2"
        },
        "et-xmlfile": {
            "hashes": [
                "sha256:614d9722d572f6246302c4491846d2c393c199cfa4edc9af593437691683335b"
            ],
            "version": "==1.0.1"
        },
        "ics": {
            "hashes": [
                "sha256:5de36fd69983bb2d16a863c51ae1d02ccc3c1e407d39464d1360fac25697735e",
                "sha256:8220f6cefd3f53231e8953acbe073313f28314fecbe77d3ffebc8ceef6ad837c"
            ],
            "index": "pypi",
            "version": "==0.4"
        },
        "jdcal": {
            "hashes": [
                "sha256:948fb8d079e63b4be7a69dd5f0cd618a0a57e80753de8248fd786a8a20658a07",
                "sha256:ea0a5067c5f0f50ad4c7bdc80abad3d976604f6fb026b0b3a17a9d84bb9046c9"
            ],
            "version": "==1.4"
        },
        "openpyxl": {
            "hashes": [
                "sha256:22904d7bdfaaab33d65d50a0915a65eeb2f29c85d9ec53081563850678a29927"
            ],
            "index": "pypi",
            "version": "==2.5.8"
        },
        "python-dateutil": {
            "hashes": [
                "sha256:1adb80e7a782c12e52ef9a8182bebeb73f1d7e24e374397af06fb4956c8dc5c0",
                "sha256:e27001de32f627c22380a688bcc43ce83504a7bc5da472209b4c70f02829f0b8"
            ],
            "version": "==2.7.3"
        },
        "six": {
            "hashes": [
                "sha256:70e8a77beed4562e7f14fe23a786b54f6296e34344c23bc42f07b15018ff98e9",
                "sha256:832dc0e10feb1aa2c68dcc57dbb658f1c7e65b9b61af69048abc87a2db00a0eb"
            ],
            "version": "==1.11.0"
        }
    },
    "develop": {
        "pyfakefs": {
            "hashes": [
                "sha256:226e8f141e40c19d10693f8df4968407eb47100705796640ee0dc5990bd6f109",
                "sha256:8312f143b37b014cdd4641ac1f4eac0c47bb881774a3d0be125997133e609a6b"
            ],
            "index": "pypi",
            "version": "==3.4.3"
        }
    }
}
